
Microsoft Visual Studio Solution File, Format Version 12.00
# Visual Studio Version 17
VisualStudioVersion = 17.14.37516.0 d17.14
MinimumVisualStudioVersion = 10.0.40219.1
Project("{FAE04EC0-301F-11D3-BF4B-00C04F79EFBC}") = "tongkangku_be", "tongkangku_be.csproj", "{B9292447-2706-4542-85C8-2DF3FE057FC2}"
EndProject
Global
	GlobalSection(SolutionConfigurationPlatforms) = preSolution
		Debug|Any CPU = Debug|Any CPU
		Release|Any CPU = Release|Any CPU
	EndGlobalSection
	GlobalSection(ProjectConfigurationPlatforms) = postSolution
		{B9292447-2706-4542-85C8-2DF3FE057FC2}.Debug|Any CPU.ActiveCfg = Debug|Any CPU
		{B9292447-2706-4542-85C8-2DF3FE057FC2}.Debug|Any CPU.Build.0 = Debug|Any CPU
		{B9292447-2706-4542-85C8-2DF3FE057FC2}.Release|Any CPU.ActiveCfg = Release|Any CPU
		{B9292447-2706-4542-85C8-2DF3FE057FC2}.Release|Any CPU.Build.0 = Release|Any CPU
	EndGlobalSection
	GlobalSection(SolutionProperties) = preSolution
		HideSolutionNode = FALSE
	EndGlobalSection
	GlobalSection(ExtensibilityGlobals) = postSolution
		SolutionGuid = {2EC5477F-C030-4631-A764-32C4DFB62E57}
	EndGlobalSection
EndGlobal
